
Microsoft Visual Studio Solution File, Format Version 12.00
# Visual Studio Version 17
VisualStudioVersion = 17.4.33213.308
MinimumVisualStudioVersion = 10.0.40219.1
Project("{9A19103F-16F7-4668-BE54-9A1E7A4F7556}") = "AutoBao", "AutoBao.csproj", "{58962AF2-52E6-4702-92E2-C18BDAC75CCF}"
EndProject
Global
	GlobalSection(SolutionConfigurationPlatforms) = preSolution
		Debug|Any CPU = Debug|Any CPU
		Release|Any CPU = Release|Any CPU
	EndGlobalSection
	GlobalSection(ProjectConfigurationPlatforms) = postSolution
		{58962AF2-52E6-4702-92E2-C18BDAC75CCF}.Debug|Any CPU.ActiveCfg = Debug|Any CPU
		{58962AF2-52E6-4702-92E2-C18BDAC75CCF}.Debug|Any CPU.Build.0 = Debug|Any CPU
		{58962AF2-52E6-4702-92E2-C18BDAC75CCF}.Release|Any CPU.ActiveCfg = Release|Any CPU
		{58962AF2-52E6-4702-92E2-C18BDAC75CCF}.Release|Any CPU.Build.0 = Release|Any CPU
	EndGlobalSection
	GlobalSection(SolutionProperties) = preSolution
		HideSolutionNode = FALSE
	EndGlobalSection
	GlobalSection(ExtensibilityGlobals) = postSolution
		SolutionGuid = {5C8AA031-A8B7-4545-9FFF-F3E65A768EF4}
	EndGlobalSection
EndGlobal
